
Microsoft Visual Studio Solution File, Format Version 12.00
# Visual Studio Version 17
VisualStudioVersion = 17.5.002.0
MinimumVisualStudioVersion = 10.0.40219.1
Project("{9A19103F-16F7-4668-BE54-9A1E7A4F7556}") = "AlfaMicroserviceMesh", "AlfaMicroserviceMesh.csproj", "{3E08CE9F-B7D7-465E-BF4A-03721FFC7110}"
EndProject
Global
	GlobalSection(SolutionConfigurationPlatforms) = preSolution
		Debug|Any CPU = Debug|Any CPU
		Release|Any CPU = Release|Any CPU
	EndGlobalSection
	GlobalSection(ProjectConfigurationPlatforms) = postSolution
		{3E08CE9F-B7D7-465E-BF4A-03721FFC7110}.Debug|Any CPU.ActiveCfg = Debug|Any CPU
		{3E08CE9F-B7D7-465E-BF4A-03721FFC7110}.Debug|Any CPU.Build.0 = Debug|Any CPU
		{3E08CE9F-B7D7-465E-BF4A-03721FFC7110}.Release|Any CPU.ActiveCfg = Release|Any CPU
		{3E08CE9F-B7D7-465E-BF4A-03721FFC7110}.Release|Any CPU.Build.0 = Release|Any CPU
	EndGlobalSection
	GlobalSection(SolutionProperties) = preSolution
		HideSolutionNode = FALSE
	EndGlobalSection
	GlobalSection(ExtensibilityGlobals) = postSolution
		SolutionGuid = {0A4E5CE9-B005-446A-9D95-E85579D5E2BB}
	EndGlobalSection
EndGlobal
